// !$*UTF8*$!
{
	archiveVersion = 1;
	classes = {
	};
	objectVersion = 56;
	objects = {

/* Begin PBXBuildFile section */
		C90AFF712C48879100E51433 /* AUTORISATION PL MERCEDES CP-704-HR.pdf in Resources */ = {isa = PBXBuildFile; fileRef = C90AFF6F2C48879100E51433 /* AUTORISATION PL MERCEDES CP-704-HR.pdf */; };
		C90AFF722C48879100E51433 /* AUTORISATION PL RENAULT BT-118-ZN.pdf in Resources */ = {isa = PBXBuildFile; fileRef = C90AFF702C48879100E51433 /* AUTORISATION PL RENAULT BT-118-ZN.pdf */; };
		C90AFF742C488B0A00E51433 /* FORMULAIRE GROUPE BRAME CP - RTT - RC.pdf in Resources */ = {isa = PBXBuildFile; fileRef = C90AFF732C488B0A00E51433 /* FORMULAIRE GROUPE BRAME CP - RTT - RC.pdf */; };
		C90AFF762C488C6E00E51433 /* ATTESTATION DE BON MONTAGE HYDRAUIV.pdf in Resources */ = {isa = PBXBuildFile; fileRef = C90AFF752C488C6E00E51433 /* ATTESTATION DE BON MONTAGE HYDRAUIV.pdf */; };
		C90AFF7C2C48900300E51433 /* QuickLook.framework in Frameworks */ = {isa = PBXBuildFile; fileRef = C90AFF782C488FF200E51433 /* QuickLook.framework */; };
		C90AFF7F2C48900400E51433 /* QuickLookUI.framework in Frameworks */ = {isa = PBXBuildFile; fileRef = C90AFF792C488FF200E51433 /* QuickLookUI.framework */; };
		C920C2272C1D01E700C26602 /* BrameCalcApp.swift in Sources */ = {isa = PBXBuildFile; fileRef = C920C2262C1D01E700C26602 /* BrameCalcApp.swift */; };
		C920C2292C1D01E700C26602 /* ContentView.swift in Sources */ = {isa = PBXBuildFile; fileRef = C920C2282C1D01E700C26602 /* ContentView.swift */; };
		C920C22B2C1D01E800C26602 /* Assets.xcassets in Resources */ = {isa = PBXBuildFile; fileRef = C920C22A2C1D01E800C26602 /* Assets.xcassets */; };
		C920C22E2C1D01E800C26602 /* Preview Assets.xcassets in Resources */ = {isa = PBXBuildFile; fileRef = C920C22D2C1D01E800C26602 /* Preview Assets.xcassets */; };
		C920C2302C1D01E800C26602 /* Persistence.swift in Sources */ = {isa = PBXBuildFile; fileRef = C920C22F2C1D01E800C26602 /* Persistence.swift */; };
		C920C2332C1D01E800C26602 /* BrameCalc.xcdatamodeld in Sources */ = {isa = PBXBuildFile; fileRef = C920C2312C1D01E800C26602 /* BrameCalc.xcdatamodeld */; };
		C920C23E2C1D01E800C26602 /* BrameCalcTests.swift in Sources */ = {isa = PBXBuildFile; fileRef = C920C23D2C1D01E800C26602 /* BrameCalcTests.swift */; };
		C920C2482C1D01E800C26602 /* BrameCalcUITests.swift in Sources */ = {isa = PBXBuildFile; fileRef = C920C2472C1D01E800C26602 /* BrameCalcUITests.swift */; };
		C920C24A2C1D01E800C26602 /* BrameCalcUITestsLaunchTests.swift in Sources */ = {isa = PBXBuildFile; fileRef = C920C2492C1D01E800C26602 /* BrameCalcUITestsLaunchTests.swift */; };
		C920C2572C1D048D00C26602 /* GelCalc.swift in Sources */ = {isa = PBXBuildFile; fileRef = C920C2562C1D048D00C26602 /* GelCalc.swift */; };
		C920C25A2C1D04B900C26602 /* Struct Gel.swift in Sources */ = {isa = PBXBuildFile; fileRef = C920C2592C1D04B900C26602 /* Struct Gel.swift */; };
		C920C25C2C1D051B00C26602 /* StageCalcView.swift in Sources */ = {isa = PBXBuildFile; fileRef = C920C25B2C1D051B00C26602 /* StageCalcView.swift */; };
		C920C25F2C1D055900C26602 /* TrussCalc.swift in Sources */ = {isa = PBXBuildFile; fileRef = C920C25E2C1D055900C26602 /* TrussCalc.swift */; };
		C920C2622C1D05A500C26602 /* TrussPref.swift in Sources */ = {isa = PBXBuildFile; fileRef = C920C2612C1D05A500C26602 /* TrussPref.swift */; };
		C920C2642C1D05BF00C26602 /* calculator.swift in Sources */ = {isa = PBXBuildFile; fileRef = C920C2632C1D05BF00C26602 /* calculator.swift */; };
		C920C2662C1D05D000C26602 /* trussElement.swift in Sources */ = {isa = PBXBuildFile; fileRef = C920C2652C1D05D000C26602 /* trussElement.swift */; };
		C920C2AA2C20D92A00C26602 /* StageResults.swift in Sources */ = {isa = PBXBuildFile; fileRef = C920C2A92C20D92A00C26602 /* StageResults.swift */; };
		C920C2AC2C20D94E00C26602 /* StageElement.swift in Sources */ = {isa = PBXBuildFile; fileRef = C920C2AB2C20D94E00C26602 /* StageElement.swift */; };
		C920C2AE2C20D96200C26602 /* StageView.swift in Sources */ = {isa = PBXBuildFile; fileRef = C920C2AD2C20D96200C26602 /* StageView.swift */; };
		C942C95B2C4C7E29003D196F /* CoreData.framework in Frameworks */ = {isa = PBXBuildFile; fileRef = C942C95A2C4C7E29003D196F /* CoreData.framework */; };
		C942C9612C4C803C003D196F /* to do.rtf in Resources */ = {isa = PBXBuildFile; fileRef = C942C9602C4C803C003D196F /* to do.rtf */; };
		C942C9632C4C8161003D196F /* ExportView.swift in Sources */ = {isa = PBXBuildFile; fileRef = C942C9622C4C8161003D196F /* ExportView.swift */; };
		C981B4A52C3DF2AD00BD352E /* RSEAccomplishementView.swift in Sources */ = {isa = PBXBuildFile; fileRef = C981B4A42C3DF2AD00BD352E /* RSEAccomplishementView.swift */; };
		C981B4A72C3DF2C400BD352E /* RSECarbonFootPrintView.swift in Sources */ = {isa = PBXBuildFile; fileRef = C981B4A62C3DF2C400BD352E /* RSECarbonFootPrintView.swift */; };
		C981B4A92C3DF53000BD352E /* RSEObjectives.swift in Sources */ = {isa = PBXBuildFile; fileRef = C981B4A82C3DF53000BD352E /* RSEObjectives.swift */; };
		C981B4AB2C3DF53C00BD352E /* RSEAccomplishment.swift in Sources */ = {isa = PBXBuildFile; fileRef = C981B4AA2C3DF53C00BD352E /* RSEAccomplishment.swift */; };
		C981B4AD2C3DF55400BD352E /* RSECarbonFootPrint.swift in Sources */ = {isa = PBXBuildFile; fileRef = C981B4AC2C3DF55400BD352E /* RSECarbonFootPrint.swift */; };
		C981B4AF2C3E9EB100BD352E /* CloudKitManager.swift in Sources */ = {isa = PBXBuildFile; fileRef = C981B4AE2C3E9EB100BD352E /* CloudKitManager.swift */; };
		C98688422C49C85B00F5972C /* ProjectFolder.swift in Sources */ = {isa = PBXBuildFile; fileRef = C98688412C49C85B00F5972C /* ProjectFolder.swift */; };
		C98688442C49CA4D00F5972C /* EditableText.swift in Sources */ = {isa = PBXBuildFile; fileRef = C98688432C49CA4D00F5972C /* EditableText.swift */; };
		C98688462C49D1F100F5972C /* LabelText.swift in Sources */ = {isa = PBXBuildFile; fileRef = C98688452C49D1F000F5972C /* LabelText.swift */; };
		C98688482C49DB3900F5972C /* coding.swift in Sources */ = {isa = PBXBuildFile; fileRef = C98688472C49DB3900F5972C /* coding.swift */; };
		C9A056F82C20FE21004ACB08 /* AmpLoadView.swift in Sources */ = {isa = PBXBuildFile; fileRef = C9A056F72C20FE21004ACB08 /* AmpLoadView.swift */; };
		C9A056FD2C20FEE7004ACB08 /* AmpLoadData.swift in Sources */ = {isa = PBXBuildFile; fileRef = C9A056FC2C20FEE7004ACB08 /* AmpLoadData.swift */; };
		C9A056FF2C20FEF4004ACB08 /* Amp.swift in Sources */ = {isa = PBXBuildFile; fileRef = C9A056FE2C20FEF4004ACB08 /* Amp.swift */; };
		C9A057012C20FEFF004ACB08 /* Speaker.swift in Sources */ = {isa = PBXBuildFile; fileRef = C9A057002C20FEFF004ACB08 /* Speaker.swift */; };
		C9A057032C20FF0D004ACB08 /* SpeakerLoad.swift in Sources */ = {isa = PBXBuildFile; fileRef = C9A057022C20FF0D004ACB08 /* SpeakerLoad.swift */; };
		C9A057062C2100C7004ACB08 /* AlignementView.swift in Sources */ = {isa = PBXBuildFile; fileRef = C9A057052C2100C7004ACB08 /* AlignementView.swift */; };
		C9A057092C2100E9004ACB08 /* TopDelayData.swift in Sources */ = {isa = PBXBuildFile; fileRef = C9A057082C2100E9004ACB08 /* TopDelayData.swift */; };
		C9A0570B2C210104004ACB08 /* SubDelayData.swift in Sources */ = {isa = PBXBuildFile; fileRef = C9A0570A2C210104004ACB08 /* SubDelayData.swift */; };
		C9A0570D2C210113004ACB08 /* TopPhaseData.swift in Sources */ = {isa = PBXBuildFile; fileRef = C9A0570C2C210113004ACB08 /* TopPhaseData.swift */; };
		C9A0570F2C21011F004ACB08 /* SubPhaseData.swift in Sources */ = {isa = PBXBuildFile; fileRef = C9A0570E2C21011F004ACB08 /* SubPhaseData.swift */; };
		C9A057112C21017B004ACB08 /* WaveLength.swift in Sources */ = {isa = PBXBuildFile; fileRef = C9A057102C21017B004ACB08 /* WaveLength.swift */; };
		C9A057142C2104C6004ACB08 /* ScheduleView.swift in Sources */ = {isa = PBXBuildFile; fileRef = C9A057132C2104C6004ACB08 /* ScheduleView.swift */; };
		C9A057172C210508004ACB08 /* PrefFestival.swift in Sources */ = {isa = PBXBuildFile; fileRef = C9A057162C210508004ACB08 /* PrefFestival.swift */; };
		C9A057192C210520004ACB08 /* TimeInterval.swift in Sources */ = {isa = PBXBuildFile; fileRef = C9A057182C210520004ACB08 /* TimeInterval.swift */; };
		C9A0571B2C210547004ACB08 /* PreferenceShedule.swift in Sources */ = {isa = PBXBuildFile; fileRef = C9A0571A2C210547004ACB08 /* PreferenceShedule.swift */; };
		C9A0571D2C21055C004ACB08 /* UtilitiesSheduler.swift in Sources */ = {isa = PBXBuildFile; fileRef = C9A0571C2C21055C004ACB08 /* UtilitiesSheduler.swift */; };
		C9A9F4942C210AB30014A7F8 /* ContactView.swift in Sources */ = {isa = PBXBuildFile; fileRef = C9A9F4932C210AB30014A7F8 /* ContactView.swift */; };
		C9A9F4972C210BBB0014A7F8 /* StaffBrame.swift in Sources */ = {isa = PBXBuildFile; fileRef = C9A9F4962C210BBB0014A7F8 /* StaffBrame.swift */; };
		C9A9F4992C210BE20014A7F8 /* Organigramme.swift in Sources */ = {isa = PBXBuildFile; fileRef = C9A9F4982C210BE20014A7F8 /* Organigramme.swift */; };
		C9A9F49B2C2229C80014A7F8 /* StageCalcPref.swift in Sources */ = {isa = PBXBuildFile; fileRef = C9A9F49A2C2229C80014A7F8 /* StageCalcPref.swift */; };
		C9A9F49F2C236EF40014A7F8 /* RSEObjectiveView.swift in Sources */ = {isa = PBXBuildFile; fileRef = C9A9F49E2C236EF40014A7F8 /* RSEObjectiveView.swift */; };
		C9A9F4A12C236F0B0014A7F8 /* RSEEmissionData.swift in Sources */ = {isa = PBXBuildFile; fileRef = C9A9F4A02C236F0B0014A7F8 /* RSEEmissionData.swift */; };
		C9A9F4A32C236F240014A7F8 /* ProjectMenuView.swift in Sources */ = {isa = PBXBuildFile; fileRef = C9A9F4A22C236F240014A7F8 /* ProjectMenuView.swift */; };
		C9A9F4B12C23741B0014A7F8 /* AutorisationView.swift in Sources */ = {isa = PBXBuildFile; fileRef = C9A9F4B02C23741B0014A7F8 /* AutorisationView.swift */; };
		C9A9F4B42C23742B0014A7F8 /* CertificateView.swift in Sources */ = {isa = PBXBuildFile; fileRef = C9A9F4B22C2374230014A7F8 /* CertificateView.swift */; };
		C9A9F4BB2C2383200014A7F8 /* ProjectDetailView.swift in Sources */ = {isa = PBXBuildFile; fileRef = C9A9F4BA2C2383200014A7F8 /* ProjectDetailView.swift */; };
		C9A9F4BD2C2387B40014A7F8 /* ProjectList.swift in Sources */ = {isa = PBXBuildFile; fileRef = C9A9F4BC2C2387B40014A7F8 /* ProjectList.swift */; };
		C9A9F4BF2C2387C80014A7F8 /* ProjectModels.swift in Sources */ = {isa = PBXBuildFile; fileRef = C9A9F4BE2C2387C80014A7F8 /* ProjectModels.swift */; };
		C9A9F4CD2C238AE10014A7F8 /* ProjectFileManager.swift in Sources */ = {isa = PBXBuildFile; fileRef = C9A9F4CC2C238AE10014A7F8 /* ProjectFileManager.swift */; };
		C9C9C2A32C3F1C0600F32CA1 /* UserDefaultsHelper.swift in Sources */ = {isa = PBXBuildFile; fileRef = C9C9C2A22C3F1C0600F32CA1 /* UserDefaultsHelper.swift */; };
		C9E1077F2C2105D4007D0F0F /* ScheduleCalculator.swift in Sources */ = {isa = PBXBuildFile; fileRef = C9E1077E2C2105D4007D0F0F /* ScheduleCalculator.swift */; };
		C9E107812C2105FF007D0F0F /* ArtistInfo.swift in Sources */ = {isa = PBXBuildFile; fileRef = C9E107802C2105FF007D0F0F /* ArtistInfo.swift */; };
		C9F2EF692C44A03900F152BE /* ImagePicker.swift in Sources */ = {isa = PBXBuildFile; fileRef = C9F2EF682C44A03900F152BE /* ImagePicker.swift */; };
		C9F2EF752C45D8AE00F152BE /* DetailsView.swift in Sources */ = {isa = PBXBuildFile; fileRef = C9F2EF742C45D8AE00F152BE /* DetailsView.swift */; };
		C9F2EF772C45D8E800F152BE /* PlansView.swift in Sources */ = {isa = PBXBuildFile; fileRef = C9F2EF762C45D8E800F152BE /* PlansView.swift */; };
		C9F2EF792C45D8F400F152BE /* PhotosView.swift in Sources */ = {isa = PBXBuildFile; fileRef = C9F2EF782C45D8F400F152BE /* PhotosView.swift */; };
/* End PBXBuildFile section */

/* Begin PBXContainerItemProxy section */
		C920C23A2C1D01E800C26602 /* PBXContainerItemProxy */ = {
			isa = PBXContainerItemProxy;
			containerPortal = C920C21B2C1D01E700C26602 /* Project object */;
			proxyType = 1;
			remoteGlobalIDString = C920C2222C1D01E700C26602;
			remoteInfo = BrameCalc;
		};
		C920C2442C1D01E800C26602 /* PBXContainerItemProxy */ = {
			isa = PBXContainerItemProxy;
			containerPortal = C920C21B2C1D01E700C26602 /* Project object */;
			proxyType = 1;
			remoteGlobalIDString = C920C2222C1D01E700C26602;
			remoteInfo = BrameCalc;
		};
/* End PBXContainerItemProxy section */

/* Begin PBXCopyFilesBuildPhase section */
		C90AFF7E2C48900300E51433 /* Embed Frameworks */ = {
			isa = PBXCopyFilesBuildPhase;
			buildActionMask = 12;
			dstPath = "";
			dstSubfolderSpec = 10;
			files = (
			);
			name = "Embed Frameworks";
			runOnlyForDeploymentPostprocessing = 0;
		};
/* End PBXCopyFilesBuildPhase section */

/* Begin PBXFileReference section */
		C90AFF6F2C48879100E51433 /* AUTORISATION PL MERCEDES CP-704-HR.pdf */ = {isa = PBXFileReference; lastKnownFileType = image.pdf; path = "AUTORISATION PL MERCEDES CP-704-HR.pdf"; sourceTree = "<group>"; };
		C90AFF702C48879100E51433 /* AUTORISATION PL RENAULT BT-118-ZN.pdf */ = {isa = PBXFileReference; lastKnownFileType = image.pdf; path = "AUTORISATION PL RENAULT BT-118-ZN.pdf"; sourceTree = "<group>"; };
		C90AFF732C488B0A00E51433 /* FORMULAIRE GROUPE BRAME CP - RTT - RC.pdf */ = {isa = PBXFileReference; lastKnownFileType = image.pdf; path = "FORMULAIRE GROUPE BRAME CP - RTT - RC.pdf"; sourceTree = "<group>"; };
		C90AFF752C488C6E00E51433 /* ATTESTATION DE BON MONTAGE HYDRAUIV.pdf */ = {isa = PBXFileReference; lastKnownFileType = image.pdf; path = "ATTESTATION DE BON MONTAGE HYDRAUIV.pdf"; sourceTree = "<group>"; };
		C90AFF782C488FF200E51433 /* QuickLook.framework */ = {isa = PBXFileReference; lastKnownFileType = wrapper.framework; name = QuickLook.framework; path = System/Library/Frameworks/QuickLook.framework; sourceTree = SDKROOT; };
		C90AFF792C488FF200E51433 /* QuickLookUI.framework */ = {isa = PBXFileReference; lastKnownFileType = wrapper.framework; name = QuickLookUI.framework; path = System/Library/Frameworks/QuickLookUI.framework; sourceTree = SDKROOT; };
		C920C2232C1D01E700C26602 /* BrameCalc.app */ = {isa = PBXFileReference; explicitFileType = wrapper.application; includeInIndex = 0; path = BrameCalc.app; sourceTree = BUILT_PRODUCTS_DIR; };
		C920C2262C1D01E700C26602 /* BrameCalcApp.swift */ = {isa = PBXFileReference; lastKnownFileType = sourcecode.swift; path = BrameCalcApp.swift; sourceTree = "<group>"; };
		C920C2282C1D01E700C26602 /* ContentView.swift */ = {isa = PBXFileReference; lastKnownFileType = sourcecode.swift; path = ContentView.swift; sourceTree = "<group>"; };
		C920C22A2C1D01E800C26602 /* Assets.xcassets */ = {isa = PBXFileReference; lastKnownFileType = folder.assetcatalog; path = Assets.xcassets; sourceTree = "<group>"; };
		C920C22D2C1D01E800C26602 /* Preview Assets.xcassets */ = {isa = PBXFileReference; lastKnownFileType = folder.assetcatalog; path = "Preview Assets.xcassets"; sourceTree = "<group>"; };
		C920C22F2C1D01E800C26602 /* Persistence.swift */ = {isa = PBXFileReference; lastKnownFileType = sourcecode.swift; path = Persistence.swift; sourceTree = "<group>"; };
		C920C2322C1D01E800C26602 /* BrameCalc.xcdatamodel */ = {isa = PBXFileReference; lastKnownFileType = wrapper.xcdatamodel; path = BrameCalc.xcdatamodel; sourceTree = "<group>"; };
		C920C2342C1D01E800C26602 /* BrameCalc.entitlements */ = {isa = PBXFileReference; lastKnownFileType = text.plist.entitlements; path = BrameCalc.entitlements; sourceTree = "<group>"; };
		C920C2392C1D01E800C26602 /* BrameCalcTests.xctest */ = {isa = PBXFileReference; explicitFileType = wrapper.cfbundle; includeInIndex = 0; path = BrameCalcTests.xctest; sourceTree = BUILT_PRODUCTS_DIR; };
		C920C23D2C1D01E800C26602 /* BrameCalcTests.swift */ = {isa = PBXFileReference; lastKnownFileType = sourcecode.swift; path = BrameCalcTests.swift; sourceTree = "<group>"; };
		C920C2432C1D01E800C26602 /* BrameCalcUITests.xctest */ = {isa = PBXFileReference; explicitFileType = wrapper.cfbundle; includeInIndex = 0; path = BrameCalcUITests.xctest; sourceTree = BUILT_PRODUCTS_DIR; };
		C920C2472C1D01E800C26602 /* BrameCalcUITests.swift */ = {isa = PBXFileReference; lastKnownFileType = sourcecode.swift; path = BrameCalcUITests.swift; sourceTree = "<group>"; };
		C920C2492C1D01E800C26602 /* BrameCalcUITestsLaunchTests.swift */ = {isa = PBXFileReference; lastKnownFileType = sourcecode.swift; path = BrameCalcUITestsLaunchTests.swift; sourceTree = "<group>"; };
		C920C2562C1D048D00C26602 /* GelCalc.swift */ = {isa = PBXFileReference; lastKnownFileType = sourcecode.swift; path = GelCalc.swift; sourceTree = "<group>"; };
		C920C2592C1D04B900C26602 /* Struct Gel.swift */ = {isa = PBXFileReference; lastKnownFileType = sourcecode.swift; path = "Struct Gel.swift"; sourceTree = "<group>"; };
		C920C25B2C1D051B00C26602 /* StageCalcView.swift */ = {isa = PBXFileReference; lastKnownFileType = sourcecode.swift; path = StageCalcView.swift; sourceTree = "<group>"; };
		C920C25E2C1D055900C26602 /* TrussCalc.swift */ = {isa = PBXFileReference; lastKnownFileType = sourcecode.swift; path = TrussCalc.swift; sourceTree = "<group>"; };
		C920C2612C1D05A500C26602 /* TrussPref.swift */ = {isa = PBXFileReference; lastKnownFileType = sourcecode.swift; path = TrussPref.swift; sourceTree = "<group>"; };
		C920C2632C1D05BF00C26602 /* calculator.swift */ = {isa = PBXFileReference; lastKnownFileType = sourcecode.swift; path = calculator.swift; sourceTree = "<group>"; };
		C920C2652C1D05D000C26602 /* trussElement.swift */ = {isa = PBXFileReference; lastKnownFileType = sourcecode.swift; path = trussElement.swift; sourceTree = "<group>"; };
		C920C2A92C20D92A00C26602 /* StageResults.swift */ = {isa = PBXFileReference; lastKnownFileType = sourcecode.swift; path = StageResults.swift; sourceTree = "<group>"; };
		C920C2AB2C20D94E00C26602 /* StageElement.swift */ = {isa = PBXFileReference; lastKnownFileType = sourcecode.swift; path = StageElement.swift; sourceTree = "<group>"; };
		C920C2AD2C20D96200C26602 /* StageView.swift */ = {isa = PBXFileReference; lastKnownFileType = sourcecode.swift; path = StageView.swift; sourceTree = "<group>"; };
		C942C95A2C4C7E29003D196F /* CoreData.framework */ = {isa = PBXFileReference; lastKnownFileType = wrapper.framework; name = CoreData.framework; path = System/Library/Frameworks/CoreData.framework; sourceTree = SDKROOT; };
		C942C9602C4C803C003D196F /* to do.rtf */ = {isa = PBXFileReference; lastKnownFileType = text.rtf; path = "to do.rtf"; sourceTree = "<group>"; };
		C942C9622C4C8161003D196F /* ExportView.swift */ = {isa = PBXFileReference; lastKnownFileType = sourcecode.swift; path = ExportView.swift; sourceTree = "<group>"; };
		C981B4A42C3DF2AD00BD352E /* RSEAccomplishementView.swift */ = {isa = PBXFileReference; lastKnownFileType = sourcecode.swift; path = RSEAccomplishementView.swift; sourceTree = "<group>"; };
		C981B4A62C3DF2C400BD352E /* RSECarbonFootPrintView.swift */ = {isa = PBXFileReference; lastKnownFileType = sourcecode.swift; path = RSECarbonFootPrintView.swift; sourceTree = "<group>"; };
		C981B4A82C3DF53000BD352E /* RSEObjectives.swift */ = {isa = PBXFileReference; lastKnownFileType = sourcecode.swift; path = RSEObjectives.swift; sourceTree = "<group>"; };
		C981B4AA2C3DF53C00BD352E /* RSEAccomplishment.swift */ = {isa = PBXFileReference; lastKnownFileType = sourcecode.swift; path = RSEAccomplishment.swift; sourceTree = "<group>"; };
		C981B4AC2C3DF55400BD352E /* RSECarbonFootPrint.swift */ = {isa = PBXFileReference; lastKnownFileType = sourcecode.swift; path = RSECarbonFootPrint.swift; sourceTree = "<group>"; };
		C981B4AE2C3E9EB100BD352E /* CloudKitManager.swift */ = {isa = PBXFileReference; lastKnownFileType = sourcecode.swift; path = CloudKitManager.swift; sourceTree = "<group>"; };
		C98688412C49C85B00F5972C /* ProjectFolder.swift */ = {isa = PBXFileReference; lastKnownFileType = sourcecode.swift; path = ProjectFolder.swift; sourceTree = "<group>"; };
		C98688432C49CA4D00F5972C /* EditableText.swift */ = {isa = PBXFileReference; lastKnownFileType = sourcecode.swift; path = EditableText.swift; sourceTree = "<group>"; };
		C98688452C49D1F000F5972C /* LabelText.swift */ = {isa = PBXFileReference; lastKnownFileType = sourcecode.swift; path = LabelText.swift; sourceTree = "<group>"; };
		C98688472C49DB3900F5972C /* coding.swift */ = {isa = PBXFileReference; lastKnownFileType = sourcecode.swift; path = coding.swift; sourceTree = "<group>"; };
		C9A056F72C20FE21004ACB08 /* AmpLoadView.swift */ = {isa = PBXFileReference; lastKnownFileType = sourcecode.swift; path = AmpLoadView.swift; sourceTree = "<group>"; };
		C9A056FC2C20FEE7004ACB08 /* AmpLoadData.swift */ = {isa = PBXFileReference; lastKnownFileType = sourcecode.swift; path = AmpLoadData.swift; sourceTree = "<group>"; };
		C9A056FE2C20FEF4004ACB08 /* Amp.swift */ = {isa = PBXFileReference; lastKnownFileType = sourcecode.swift; path = Amp.swift; sourceTree = "<group>"; };
		C9A057002C20FEFF004ACB08 /* Speaker.swift */ = {isa = PBXFileReference; lastKnownFileType = sourcecode.swift; path = Speaker.swift; sourceTree = "<group>"; };
		C9A057022C20FF0D004ACB08 /* SpeakerLoad.swift */ = {isa = PBXFileReference; lastKnownFileType = sourcecode.swift; path = SpeakerLoad.swift; sourceTree = "<group>"; };
		C9A057052C2100C7004ACB08 /* AlignementView.swift */ = {isa = PBXFileReference; lastKnownFileType = sourcecode.swift; path = AlignementView.swift; sourceTree = "<group>"; };
		C9A057082C2100E9004ACB08 /* TopDelayData.swift */ = {isa = PBXFileReference; lastKnownFileType = sourcecode.swift; path = TopDelayData.swift; sourceTree = "<group>"; };
		C9A0570A2C210104004ACB08 /* SubDelayData.swift */ = {isa = PBXFileReference; lastKnownFileType = sourcecode.swift; path = SubDelayData.swift; sourceTree = "<group>"; };
		C9A0570C2C210113004ACB08 /* TopPhaseData.swift */ = {isa = PBXFileReference; lastKnownFileType = sourcecode.swift; path = TopPhaseData.swift; sourceTree = "<group>"; };
		C9A0570E2C21011F004ACB08 /* SubPhaseData.swift */ = {isa = PBXFileReference; lastKnownFileType = sourcecode.swift; path = SubPhaseData.swift; sourceTree = "<group>"; };
		C9A057102C21017B004ACB08 /* WaveLength.swift */ = {isa = PBXFileReference; lastKnownFileType = sourcecode.swift; path = WaveLength.swift; sourceTree = "<group>"; };
		C9A057132C2104C6004ACB08 /* ScheduleView.swift */ = {isa = PBXFileReference; lastKnownFileType = sourcecode.swift; path = ScheduleView.swift; sourceTree = "<group>"; };
		C9A057162C210508004ACB08 /* PrefFestival.swift */ = {isa = PBXFileReference; lastKnownFileType = sourcecode.swift; path = PrefFestival.swift; sourceTree = "<group>"; };
		C9A057182C210520004ACB08 /* TimeInterval.swift */ = {isa = PBXFileReference; lastKnownFileType = sourcecode.swift; path = TimeInterval.swift; sourceTree = "<group>"; };
		C9A0571A2C210547004ACB08 /* PreferenceShedule.swift */ = {isa = PBXFileReference; lastKnownFileType = sourcecode.swift; path = PreferenceShedule.swift; sourceTree = "<group>"; };
		C9A0571C2C21055C004ACB08 /* UtilitiesSheduler.swift */ = {isa = PBXFileReference; lastKnownFileType = sourcecode.swift; path = UtilitiesSheduler.swift; sourceTree = "<group>"; };
		C9A9F4932C210AB30014A7F8 /* ContactView.swift */ = {isa = PBXFileReference; lastKnownFileType = sourcecode.swift; path = ContactView.swift; sourceTree = "<group>"; };
		C9A9F4962C210BBB0014A7F8 /* StaffBrame.swift */ = {isa = PBXFileReference; lastKnownFileType = sourcecode.swift; path = StaffBrame.swift; sourceTree = "<group>"; };
		C9A9F4982C210BE20014A7F8 /* Organigramme.swift */ = {isa = PBXFileReference; lastKnownFileType = sourcecode.swift; path = Organigramme.swift; sourceTree = "<group>"; };
		C9A9F49A2C2229C80014A7F8 /* StageCalcPref.swift */ = {isa = PBXFileReference; lastKnownFileType = sourcecode.swift; path = StageCalcPref.swift; sourceTree = "<group>"; };
		C9A9F49E2C236EF40014A7F8 /* RSEObjectiveView.swift */ = {isa = PBXFileReference; lastKnownFileType = sourcecode.swift; path = RSEObjectiveView.swift; sourceTree = "<group>"; };
		C9A9F4A02C236F0B0014A7F8 /* RSEEmissionData.swift */ = {isa = PBXFileReference; lastKnownFileType = sourcecode.swift; path = RSEEmissionData.swift; sourceTree = "<group>"; };
		C9A9F4A22C236F240014A7F8 /* ProjectMenuView.swift */ = {isa = PBXFileReference; lastKnownFileType = sourcecode.swift; path = ProjectMenuView.swift; sourceTree = "<group>"; };
		C9A9F4B02C23741B0014A7F8 /* AutorisationView.swift */ = {isa = PBXFileReference; lastKnownFileType = sourcecode.swift; path = AutorisationView.swift; sourceTree = "<group>"; };
		C9A9F4B22C2374230014A7F8 /* CertificateView.swift */ = {isa = PBXFileReference; lastKnownFileType = sourcecode.swift; path = CertificateView.swift; sourceTree = "<group>"; };
		C9A9F4BA2C2383200014A7F8 /* ProjectDetailView.swift */ = {isa = PBXFileReference; lastKnownFileType = sourcecode.swift; path = ProjectDetailView.swift; sourceTree = "<group>"; };
		C9A9F4BC2C2387B40014A7F8 /* ProjectList.swift */ = {isa = PBXFileReference; lastKnownFileType = sourcecode.swift; path = ProjectList.swift; sourceTree = "<group>"; };
		C9A9F4BE2C2387C80014A7F8 /* ProjectModels.swift */ = {isa = PBXFileReference; lastKnownFileType = sourcecode.swift; path = ProjectModels.swift; sourceTree = "<group>"; };
		C9A9F4CC2C238AE10014A7F8 /* ProjectFileManager.swift */ = {isa = PBXFileReference; lastKnownFileType = sourcecode.swift; path = ProjectFileManager.swift; sourceTree = "<group>"; };
		C9C9C2A22C3F1C0600F32CA1 /* UserDefaultsHelper.swift */ = {isa = PBXFileReference; lastKnownFileType = sourcecode.swift; path = UserDefaultsHelper.swift; sourceTree = "<group>"; };
		C9E1077E2C2105D4007D0F0F /* ScheduleCalculator.swift */ = {isa = PBXFileReference; lastKnownFileType = sourcecode.swift; path = ScheduleCalculator.swift; sourceTree = "<group>"; };
		C9E107802C2105FF007D0F0F /* ArtistInfo.swift */ = {isa = PBXFileReference; lastKnownFileType = sourcecode.swift; path = ArtistInfo.swift; sourceTree = "<group>"; };
		C9F2EF682C44A03900F152BE /* ImagePicker.swift */ = {isa = PBXFileReference; lastKnownFileType = sourcecode.swift; path = ImagePicker.swift; sourceTree = "<group>"; };
		C9F2EF742C45D8AE00F152BE /* DetailsView.swift */ = {isa = PBXFileReference; lastKnownFileType = sourcecode.swift; path = DetailsView.swift; sourceTree = "<group>"; };
		C9F2EF762C45D8E800F152BE /* PlansView.swift */ = {isa = PBXFileReference; lastKnownFileType = sourcecode.swift; path = PlansView.swift; sourceTree = "<group>"; };
		C9F2EF782C45D8F400F152BE /* PhotosView.swift */ = {isa = PBXFileReference; lastKnownFileType = sourcecode.swift; path = PhotosView.swift; sourceTree = "<group>"; };
/* End PBXFileReference section */

/* Begin PBXFrameworksBuildPhase section */
		C920C2202C1D01E700C26602 /* Frameworks */ = {
			isa = PBXFrameworksBuildPhase;
			buildActionMask = 2147483647;
			files = (
				C90AFF7F2C48900400E51433 /* QuickLookUI.framework in Frameworks */,
				C942C95B2C4C7E29003D196F /* CoreData.framework in Frameworks */,
				C90AFF7C2C48900300E51433 /* QuickLook.framework in Frameworks */,
			);
			runOnlyForDeploymentPostprocessing = 0;
		};
		C920C2362C1D01E800C26602 /* Frameworks */ = {
			isa = PBXFrameworksBuildPhase;
			buildActionMask = 2147483647;
			files = (
			);
			runOnlyForDeploymentPostprocessing = 0;
		};
		C920C2402C1D01E800C26602 /* Frameworks */ = {
			isa = PBXFrameworksBuildPhase;
			buildActionMask = 2147483647;
			files = (
			);
			runOnlyForDeploymentPostprocessing = 0;
		};
/* End PBXFrameworksBuildPhase section */

/* Begin PBXGroup section */
		C90AFF772C488FF200E51433 /* Frameworks */ = {
			isa = PBXGroup;
			children = (
				C942C95A2C4C7E29003D196F /* CoreData.framework */,
				C90AFF782C488FF200E51433 /* QuickLook.framework */,
				C90AFF792C488FF200E51433 /* QuickLookUI.framework */,
			);
			name = Frameworks;
			sourceTree = "<group>";
		};
		C920C21A2C1D01E700C26602 = {
			isa = PBXGroup;
			children = (
				C920C2252C1D01E700C26602 /* BrameCalc */,
				C920C23C2C1D01E800C26602 /* BrameCalcTests */,
				C920C2462C1D01E800C26602 /* BrameCalcUITests */,
				C920C2242C1D01E700C26602 /* Products */,
				C90AFF772C488FF200E51433 /* Frameworks */,
			);
			sourceTree = "<group>";
		};
		C920C2242C1D01E700C26602 /* Products */ = {
			isa = PBXGroup;
			children = (
				C920C2232C1D01E700C26602 /* BrameCalc.app */,
				C920C2392C1D01E800C26602 /* BrameCalcTests.xctest */,
				C920C2432C1D01E800C26602 /* BrameCalcUITests.xctest */,
			);
			name = Products;
			sourceTree = "<group>";
		};
		C920C2252C1D01E700C26602 /* BrameCalc */ = {
			isa = PBXGroup;
			children = (
				C920C2262C1D01E700C26602 /* BrameCalcApp.swift */,
				C920C2282C1D01E700C26602 /* ContentView.swift */,
				C942C9602C4C803C003D196F /* to do.rtf */,
				C981B4AE2C3E9EB100BD352E /* CloudKitManager.swift */,
				C9A9F4B52C23743A0014A7F8 /* Documents */,
				C9A9F4AB2C2370680014A7F8 /* Projects */,
				C9A9F4952C210AF80014A7F8 /* Contact */,
				C9A9F4AC2C23707A0014A7F8 /* Stage&Truss */,
				C920C2582C1D049900C26602 /* Light */,
				C9A9F4AD2C2370A30014A7F8 /* Audio */,
				C9A057152C2104CE004ACB08 /* FDR Event */,
				C9A9F4AA2C23704B0014A7F8 /* RSE */,
				C920C22A2C1D01E800C26602 /* Assets.xcassets */,
				C920C22F2C1D01E800C26602 /* Persistence.swift */,
				C920C2342C1D01E800C26602 /* BrameCalc.entitlements */,
				C920C2312C1D01E800C26602 /* BrameCalc.xcdatamodeld */,
				C920C22C2C1D01E800C26602 /* Preview Content */,
				C9C9C2A22C3F1C0600F32CA1 /* UserDefaultsHelper.swift */,
			);
			path = BrameCalc;
			sourceTree = "<group>";
		};
		C920C22C2C1D01E800C26602 /* Preview Content */ = {
			isa = PBXGroup;
			children = (
				C920C22D2C1D01E800C26602 /* Preview Assets.xcassets */,
			);
			path = "Preview Content";
			sourceTree = "<group>";
		};
		C920C23C2C1D01E800C26602 /* BrameCalcTests */ = {
			isa = PBXGroup;
			children = (
				C920C23D2C1D01E800C26602 /* BrameCalcTests.swift */,
			);
			path = BrameCalcTests;
			sourceTree = "<group>";
		};
		C920C2462C1D01E800C26602 /* BrameCalcUITests */ = {
			isa = PBXGroup;
			children = (
				C920C2472C1D01E800C26602 /* BrameCalcUITests.swift */,
				C920C2492C1D01E800C26602 /* BrameCalcUITestsLaunchTests.swift */,
			);
			path = BrameCalcUITests;
			sourceTree = "<group>";
		};
		C920C2582C1D049900C26602 /* Light */ = {
			isa = PBXGroup;
			children = (
				C9A9F4AE2C2370BD0014A7F8 /* Gel */,
			);
			path = Light;
			sourceTree = "<group>";
		};
		C920C25D2C1D052200C26602 /* StageCalc */ = {
			isa = PBXGroup;
			children = (
				C920C25B2C1D051B00C26602 /* StageCalcView.swift */,
				C920C2A92C20D92A00C26602 /* StageResults.swift */,
				C920C2AB2C20D94E00C26602 /* StageElement.swift */,
				C920C2AD2C20D96200C26602 /* StageView.swift */,
				C9A9F49A2C2229C80014A7F8 /* StageCalcPref.swift */,
			);
			path = StageCalc;
			sourceTree = "<group>";
		};
		C920C2602C1D055F00C26602 /* TrussCalc */ = {
			isa = PBXGroup;
			children = (
				C920C25E2C1D055900C26602 /* TrussCalc.swift */,
				C920C2612C1D05A500C26602 /* TrussPref.swift */,
				C920C2632C1D05BF00C26602 /* calculator.swift */,
				C920C2652C1D05D000C26602 /* trussElement.swift */,
			);
			path = TrussCalc;
			sourceTree = "<group>";
		};
		C9A057042C20FF14004ACB08 /* AmpLoad */ = {
			isa = PBXGroup;
			children = (
				C9A056F72C20FE21004ACB08 /* AmpLoadView.swift */,
				C9A056FC2C20FEE7004ACB08 /* AmpLoadData.swift */,
				C9A056FE2C20FEF4004ACB08 /* Amp.swift */,
				C9A057002C20FEFF004ACB08 /* Speaker.swift */,
				C9A057022C20FF0D004ACB08 /* SpeakerLoad.swift */,
			);
			path = AmpLoad;
			sourceTree = "<group>";
		};
		C9A057072C2100D5004ACB08 /* Alignement */ = {
			isa = PBXGroup;
			children = (
				C9A057052C2100C7004ACB08 /* AlignementView.swift */,
				C9A057082C2100E9004ACB08 /* TopDelayData.swift */,
				C9A0570A2C210104004ACB08 /* SubDelayData.swift */,
				C9A0570C2C210113004ACB08 /* TopPhaseData.swift */,
				C9A0570E2C21011F004ACB08 /* SubPhaseData.swift */,
			);
			path = Alignement;
			sourceTree = "<group>";
		};
		C9A057122C21017F004ACB08 /* WaveLength */ = {
			isa = PBXGroup;
			children = (
				C9A057102C21017B004ACB08 /* WaveLength.swift */,
			);
			path = WaveLength;
			sourceTree = "<group>";
		};
		C9A057152C2104CE004ACB08 /* FDR Event */ = {
			isa = PBXGroup;
			children = (
				C9A9F4AF2C2370EE0014A7F8 /* FDR */,
			);
			path = "FDR Event";
			sourceTree = "<group>";
		};
		C9A9F4952C210AF80014A7F8 /* Contact */ = {
			isa = PBXGroup;
			children = (
				C9A9F4932C210AB30014A7F8 /* ContactView.swift */,
				C9A9F4982C210BE20014A7F8 /* Organigramme.swift */,
				C9A9F4962C210BBB0014A7F8 /* StaffBrame.swift */,
			);
			path = Contact;
			sourceTree = "<group>";
		};
		C9A9F4AA2C23704B0014A7F8 /* RSE */ = {
			isa = PBXGroup;
			children = (
				C9A9F49E2C236EF40014A7F8 /* RSEObjectiveView.swift */,
				C981B4A82C3DF53000BD352E /* RSEObjectives.swift */,
				C981B4A42C3DF2AD00BD352E /* RSEAccomplishementView.swift */,
				C981B4AA2C3DF53C00BD352E /* RSEAccomplishment.swift */,
				C981B4A62C3DF2C400BD352E /* RSECarbonFootPrintView.swift */,
				C981B4AC2C3DF55400BD352E /* RSECarbonFootPrint.swift */,
				C9A9F4A02C236F0B0014A7F8 /* RSEEmissionData.swift */,
			);
			path = RSE;
			sourceTree = "<group>";
		};
		C9A9F4AB2C2370680014A7F8 /* Projects */ = {
			isa = PBXGroup;
			children = (
				C9A9F4A22C236F240014A7F8 /* ProjectMenuView.swift */,
				C98688432C49CA4D00F5972C /* EditableText.swift */,
				C98688412C49C85B00F5972C /* ProjectFolder.swift */,
				C9A9F4BA2C2383200014A7F8 /* ProjectDetailView.swift */,
				C9F2EF742C45D8AE00F152BE /* DetailsView.swift */,
				C98688452C49D1F000F5972C /* LabelText.swift */,
				C9A9F4BC2C2387B40014A7F8 /* ProjectList.swift */,
				C9A9F4BE2C2387C80014A7F8 /* ProjectModels.swift */,
				C9A9F4CC2C238AE10014A7F8 /* ProjectFileManager.swift */,
				C9F2EF762C45D8E800F152BE /* PlansView.swift */,
				C9F2EF782C45D8F400F152BE /* PhotosView.swift */,
				C9F2EF682C44A03900F152BE /* ImagePicker.swift */,
				C942C9622C4C8161003D196F /* ExportView.swift */,
				C98688472C49DB3900F5972C /* coding.swift */,
			);
			path = Projects;
			sourceTree = "<group>";
		};
		C9A9F4AC2C23707A0014A7F8 /* Stage&Truss */ = {
			isa = PBXGroup;
			children = (
				C920C25D2C1D052200C26602 /* StageCalc */,
				C920C2602C1D055F00C26602 /* TrussCalc */,
			);
			path = "Stage&Truss";
			sourceTree = "<group>";
		};
		C9A9F4AD2C2370A30014A7F8 /* Audio */ = {
			isa = PBXGroup;
			children = (
				C9A057072C2100D5004ACB08 /* Alignement */,
				C9A057042C20FF14004ACB08 /* AmpLoad */,
				C9A057122C21017F004ACB08 /* WaveLength */,
			);
			path = Audio;
			sourceTree = "<group>";
		};
		C9A9F4AE2C2370BD0014A7F8 /* Gel */ = {
			isa = PBXGroup;
			children = (
				C920C2562C1D048D00C26602 /* GelCalc.swift */,
				C920C2592C1D04B900C26602 /* Struct Gel.swift */,
			);
			path = Gel;
			sourceTree = "<group>";
		};
		C9A9F4AF2C2370EE0014A7F8 /* FDR */ = {
			isa = PBXGroup;
			children = (
				C9A057132C2104C6004ACB08 /* ScheduleView.swift */,
				C9A057162C210508004ACB08 /* PrefFestival.swift */,
				C9A057182C210520004ACB08 /* TimeInterval.swift */,
				C9A0571A2C210547004ACB08 /* PreferenceShedule.swift */,
				C9A0571C2C21055C004ACB08 /* UtilitiesSheduler.swift */,
				C9E1077E2C2105D4007D0F0F /* ScheduleCalculator.swift */,
				C9E107802C2105FF007D0F0F /* ArtistInfo.swift */,
			);
			path = FDR;
			sourceTree = "<group>";
		};
		C9A9F4B52C23743A0014A7F8 /* Documents */ = {
			isa = PBXGroup;
			children = (
				C9A9F4B02C23741B0014A7F8 /* AutorisationView.swift */,
				C90AFF6F2C48879100E51433 /* AUTORISATION PL MERCEDES CP-704-HR.pdf */,
				C90AFF702C48879100E51433 /* AUTORISATION PL RENAULT BT-118-ZN.pdf */,
				C90AFF732C488B0A00E51433 /* FORMULAIRE GROUPE BRAME CP - RTT - RC.pdf */,
				C90AFF752C488C6E00E51433 /* ATTESTATION DE BON MONTAGE HYDRAUIV.pdf */,
				C9A9F4B22C2374230014A7F8 /* CertificateView.swift */,
			);
			path = Documents;
			sourceTree = "<group>";
		};
/* End PBXGroup section */

/* Begin PBXNativeTarget section */
		C920C2222C1D01E700C26602 /* BrameCalc */ = {
			isa = PBXNativeTarget;
			buildConfigurationList = C920C24D2C1D01E800C26602 /* Build configuration list for PBXNativeTarget "BrameCalc" */;
			buildPhases = (
				C920C21F2C1D01E700C26602 /* Sources */,
				C920C2202C1D01E700C26602 /* Frameworks */,
				C920C2212C1D01E700C26602 /* Resources */,
				C90AFF7E2C48900300E51433 /* Embed Frameworks */,
			);
			buildRules = (
			);
			dependencies = (
			);
			name = BrameCalc;
			packageProductDependencies = (
			);
			productName = BrameCalc;
			productReference = C920C2232C1D01E700C26602 /* BrameCalc.app */;
			productType = "com.apple.product-type.application";
		};
		C920C2382C1D01E800C26602 /* BrameCalcTests */ = {
			isa = PBXNativeTarget;
			buildConfigurationList = C920C2502C1D01E800C26602 /* Build configuration list for PBXNativeTarget "BrameCalcTests" */;
			buildPhases = (
				C920C2352C1D01E800C26602 /* Sources */,
				C920C2362C1D01E800C26602 /* Frameworks */,
				C920C2372C1D01E800C26602 /* Resources */,
			);
			buildRules = (
			);
			dependencies = (
				C920C23B2C1D01E800C26602 /* PBXTargetDependency */,
			);
			name = BrameCalcTests;
			productName = BrameCalcTests;
			productReference = C920C2392C1D01E800C26602 /* BrameCalcTests.xctest */;
			productType = "com.apple.product-type.bundle.unit-test";
		};
		C920C2422C1D01E800C26602 /* BrameCalcUITests */ = {
			isa = PBXNativeTarget;
			buildConfigurationList = C920C2532C1D01E800C26602 /* Build configuration list for PBXNativeTarget "BrameCalcUITests" */;
			buildPhases = (
				C920C23F2C1D01E800C26602 /* Sources */,
				C920C2402C1D01E800C26602 /* Frameworks */,
				C920C2412C1D01E800C26602 /* Resources */,
			);
			buildRules = (
			);
			dependencies = (
				C920C2452C1D01E800C26602 /* PBXTargetDependency */,
			);
			name = BrameCalcUITests;
			productName = BrameCalcUITests;
			productReference = C920C2432C1D01E800C26602 /* BrameCalcUITests.xctest */;
			productType = "com.apple.product-type.bundle.ui-testing";
		};
/* End PBXNativeTarget section */

/* Begin PBXProject section */
		C920C21B2C1D01E700C26602 /* Project object */ = {
			isa = PBXProject;
			attributes = {
				BuildIndependentTargetsInParallel = 1;
				LastSwiftUpdateCheck = 1540;
				LastUpgradeCheck = 1540;
				TargetAttributes = {
					C920C2222C1D01E700C26602 = {
						CreatedOnToolsVersion = 15.4;
					};
					C920C2382C1D01E800C26602 = {
						CreatedOnToolsVersion = 15.4;
						TestTargetID = C920C2222C1D01E700C26602;
					};
					C920C2422C1D01E800C26602 = {
						CreatedOnToolsVersion = 15.4;
						TestTargetID = C920C2222C1D01E700C26602;
					};
				};
			};
			buildConfigurationList = C920C21E2C1D01E700C26602 /* Build configuration list for PBXProject "BrameCalc" */;
			compatibilityVersion = "Xcode 14.0";
			developmentRegion = en;
			hasScannedForEncodings = 0;
			knownRegions = (
				en,
				Base,
			);
			mainGroup = C920C21A2C1D01E700C26602;
			packageReferences = (
			);
			productRefGroup = C920C2242C1D01E700C26602 /* Products */;
			projectDirPath = "";
			projectRoot = "";
			targets = (
				C920C2222C1D01E700C26602 /* BrameCalc */,
				C920C2382C1D01E800C26602 /* BrameCalcTests */,
				C920C2422C1D01E800C26602 /* BrameCalcUITests */,
			);
		};
/* End PBXProject section */

/* Begin PBXResourcesBuildPhase section */
		C920C2212C1D01E700C26602 /* Resources */ = {
			isa = PBXResourcesBuildPhase;
			buildActionMask = 2147483647;
			files = (
				C90AFF722C48879100E51433 /* AUTORISATION PL RENAULT BT-118-ZN.pdf in Resources */,
				C90AFF712C48879100E51433 /* AUTORISATION PL MERCEDES CP-704-HR.pdf in Resources */,
				C90AFF762C488C6E00E51433 /* ATTESTATION DE BON MONTAGE HYDRAUIV.pdf in Resources */,
				C90AFF742C488B0A00E51433 /* FORMULAIRE GROUPE BRAME CP - RTT - RC.pdf in Resources */,
				C920C22E2C1D01E800C26602 /* Preview Assets.xcassets in Resources */,
				C920C22B2C1D01E800C26602 /* Assets.xcassets in Resources */,
				C942C9612C4C803C003D196F /* to do.rtf in Resources */,
			);
			runOnlyForDeploymentPostprocessing = 0;
		};
		C920C2372C1D01E800C26602 /* Resources */ = {
			isa = PBXResourcesBuildPhase;
			buildActionMask = 2147483647;
			files = (
			);
			runOnlyForDeploymentPostprocessing = 0;
		};
		C920C2412C1D01E800C26602 /* Resources */ = {
			isa = PBXResourcesBuildPhase;
			buildActionMask = 2147483647;
			files = (
			);
			runOnlyForDeploymentPostprocessing = 0;
		};
/* End PBXResourcesBuildPhase section */

/* Begin PBXSourcesBuildPhase section */
		C920C21F2C1D01E700C26602 /* Sources */ = {
			isa = PBXSourcesBuildPhase;
			buildActionMask = 2147483647;
			files = (
				C920C2AC2C20D94E00C26602 /* StageElement.swift in Sources */,
				C9A056F82C20FE21004ACB08 /* AmpLoadView.swift in Sources */,
				C9A057062C2100C7004ACB08 /* AlignementView.swift in Sources */,
				C981B4A72C3DF2C400BD352E /* RSECarbonFootPrintView.swift in Sources */,
				C9A0571B2C210547004ACB08 /* PreferenceShedule.swift in Sources */,
				C9A057172C210508004ACB08 /* PrefFestival.swift in Sources */,
				C9A057092C2100E9004ACB08 /* TopDelayData.swift in Sources */,
				C9A9F4CD2C238AE10014A7F8 /* ProjectFileManager.swift in Sources */,
				C981B4AB2C3DF53C00BD352E /* RSEAccomplishment.swift in Sources */,
				C9A9F4942C210AB30014A7F8 /* ContactView.swift in Sources */,
				C981B4AF2C3E9EB100BD352E /* CloudKitManager.swift in Sources */,
				C98688422C49C85B00F5972C /* ProjectFolder.swift in Sources */,
				C9A9F4BD2C2387B40014A7F8 /* ProjectList.swift in Sources */,
				C920C25C2C1D051B00C26602 /* StageCalcView.swift in Sources */,
				C920C2332C1D01E800C26602 /* BrameCalc.xcdatamodeld in Sources */,
				C9A0571D2C21055C004ACB08 /* UtilitiesSheduler.swift in Sources */,
				C9A0570D2C210113004ACB08 /* TopPhaseData.swift in Sources */,
				C9A9F4BB2C2383200014A7F8 /* ProjectDetailView.swift in Sources */,
				C981B4AD2C3DF55400BD352E /* RSECarbonFootPrint.swift in Sources */,
				C98688482C49DB3900F5972C /* coding.swift in Sources */,
				C9E1077F2C2105D4007D0F0F /* ScheduleCalculator.swift in Sources */,
				C9A056FD2C20FEE7004ACB08 /* AmpLoadData.swift in Sources */,
				C98688462C49D1F100F5972C /* LabelText.swift in Sources */,
				C920C2622C1D05A500C26602 /* TrussPref.swift in Sources */,
				C9A9F4B12C23741B0014A7F8 /* AutorisationView.swift in Sources */,
				C920C2642C1D05BF00C26602 /* calculator.swift in Sources */,
				C9E107812C2105FF007D0F0F /* ArtistInfo.swift in Sources */,
				C9A9F4A12C236F0B0014A7F8 /* RSEEmissionData.swift in Sources */,
				C9F2EF752C45D8AE00F152BE /* DetailsView.swift in Sources */,
				C920C2302C1D01E800C26602 /* Persistence.swift in Sources */,
				C981B4A52C3DF2AD00BD352E /* RSEAccomplishementView.swift in Sources */,
				C920C25A2C1D04B900C26602 /* Struct Gel.swift in Sources */,
				C920C2292C1D01E700C26602 /* ContentView.swift in Sources */,
				C942C9632C4C8161003D196F /* ExportView.swift in Sources */,
				C9A057142C2104C6004ACB08 /* ScheduleView.swift in Sources */,
				C9A9F49F2C236EF40014A7F8 /* RSEObjectiveView.swift in Sources */,
				C9A057032C20FF0D004ACB08 /* SpeakerLoad.swift in Sources */,
				C920C2572C1D048D00C26602 /* GelCalc.swift in Sources */,
				C9A9F4BF2C2387C80014A7F8 /* ProjectModels.swift in Sources */,
				C9A9F49B2C2229C80014A7F8 /* StageCalcPref.swift in Sources */,
				C9A9F4B42C23742B0014A7F8 /* CertificateView.swift in Sources */,
				C9A0570B2C210104004ACB08 /* SubDelayData.swift in Sources */,
				C920C25F2C1D055900C26602 /* TrussCalc.swift in Sources */,
				C920C2662C1D05D000C26602 /* trussElement.swift in Sources */,
				C9A0570F2C21011F004ACB08 /* SubPhaseData.swift in Sources */,
				C920C2272C1D01E700C26602 /* BrameCalcApp.swift in Sources */,
				C9C9C2A32C3F1C0600F32CA1 /* UserDefaultsHelper.swift in Sources */,
				C9A9F4972C210BBB0014A7F8 /* StaffBrame.swift in Sources */,
				C920C2AA2C20D92A00C26602 /* StageResults.swift in Sources */,
				C9A057112C21017B004ACB08 /* WaveLength.swift in Sources */,
				C9A057012C20FEFF004ACB08 /* Speaker.swift in Sources */,
				C98688442C49CA4D00F5972C /* EditableText.swift in Sources */,
				C9A056FF2C20FEF4004ACB08 /* Amp.swift in Sources */,
				C981B4A92C3DF53000BD352E /* RSEObjectives.swift in Sources */,
				C9A057192C210520004ACB08 /* TimeInterval.swift in Sources */,
				C9A9F4992C210BE20014A7F8 /* Organigramme.swift in Sources */,
				C9F2EF692C44A03900F152BE /* ImagePicker.swift in Sources */,
				C9F2EF792C45D8F400F152BE /* PhotosView.swift in Sources */,
				C9F2EF772C45D8E800F152BE /* PlansView.swift in Sources */,
				C920C2AE2C20D96200C26602 /* StageView.swift in Sources */,
				C9A9F4A32C236F240014A7F8 /* ProjectMenuView.swift in Sources */,
			);
			runOnlyForDeploymentPostprocessing = 0;
		};
		C920C2352C1D01E800C26602 /* Sources */ = {
			isa = PBXSourcesBuildPhase;
			buildActionMask = 2147483647;
			files = (
				C920C23E2C1D01E800C26602 /* BrameCalcTests.swift in Sources */,
			);
			runOnlyForDeploymentPostprocessing = 0;
		};
		C920C23F2C1D01E800C26602 /* Sources */ = {
			isa = PBXSourcesBuildPhase;
			buildActionMask = 2147483647;
			files = (
				C920C2482C1D01E800C26602 /* BrameCalcUITests.swift in Sources */,
				C920C24A2C1D01E800C26602 /* BrameCalcUITestsLaunchTests.swift in Sources */,
			);
			runOnlyForDeploymentPostprocessing = 0;
		};
/* End PBXSourcesBuildPhase section */

/* Begin PBXTargetDependency section */
		C920C23B2C1D01E800C26602 /* PBXTargetDependency */ = {
			isa = PBXTargetDependency;
			target = C920C2222C1D01E700C26602 /* BrameCalc */;
			targetProxy = C920C23A2C1D01E800C26602 /* PBXContainerItemProxy */;
		};
		C920C2452C1D01E800C26602 /* PBXTargetDependency */ = {
			isa = PBXTargetDependency;
			target = C920C2222C1D01E700C26602 /* BrameCalc */;
			targetProxy = C920C2442C1D01E800C26602 /* PBXContainerItemProxy */;
		};
/* End PBXTargetDependency section */

/* Begin XCBuildConfiguration section */
		C920C24B2C1D01E800C26602 /* Debug */ = {
			isa = XCBuildConfiguration;
			buildSettings = {
				ALWAYS_SEARCH_USER_PATHS = NO;
				ASSETCATALOG_COMPILER_GENERATE_SWIFT_ASSET_SYMBOL_EXTENSIONS = YES;
				CLANG_ANALYZER_NONNULL = YES;
				CLANG_ANALYZER_NUMBER_OBJECT_CONVERSION = YES_AGGRESSIVE;
				CLANG_CXX_LANGUAGE_STANDARD = "gnu++20";
				CLANG_ENABLE_MODULES = YES;
				CLANG_ENABLE_OBJC_ARC = YES;
				CLANG_ENABLE_OBJC_WEAK = YES;
				CLANG_WARN_BLOCK_CAPTURE_AUTORELEASING = YES;
				CLANG_WARN_BOOL_CONVERSION = YES;
				CLANG_WARN_COMMA = YES;
				CLANG_WARN_CONSTANT_CONVERSION = YES;
				CLANG_WARN_DEPRECATED_OBJC_IMPLEMENTATIONS = YES;
				CLANG_WARN_DIRECT_OBJC_ISA_USAGE = YES_ERROR;
				CLANG_WARN_DOCUMENTATION_COMMENTS = YES;
				CLANG_WARN_EMPTY_BODY = YES;
				CLANG_WARN_ENUM_CONVERSION = YES;
				CLANG_WARN_INFINITE_RECURSION = YES;
				CLANG_WARN_INT_CONVERSION = YES;
				CLANG_WARN_NON_LITERAL_NULL_CONVERSION = YES;
				CLANG_WARN_OBJC_IMPLICIT_RETAIN_SELF = YES;
				CLANG_WARN_OBJC_LITERAL_CONVERSION = YES;
				CLANG_WARN_OBJC_ROOT_CLASS = YES_ERROR;
				CLANG_WARN_QUOTED_INCLUDE_IN_FRAMEWORK_HEADER = YES;
				CLANG_WARN_RANGE_LOOP_ANALYSIS = YES;
				CLANG_WARN_STRICT_PROTOTYPES = YES;
				CLANG_WARN_SUSPICIOUS_MOVE = YES;
				CLANG_WARN_UNGUARDED_AVAILABILITY = YES_AGGRESSIVE;
				CLANG_WARN_UNREACHABLE_CODE = YES;
				CLANG_WARN__DUPLICATE_METHOD_MATCH = YES;
				COPY_PHASE_STRIP = NO;
				DEAD_CODE_STRIPPING = YES;
				DEBUG_INFORMATION_FORMAT = dwarf;
				ENABLE_STRICT_OBJC_MSGSEND = YES;
				ENABLE_TESTABILITY = YES;
				ENABLE_USER_SCRIPT_SANDBOXING = YES;
				GCC_C_LANGUAGE_STANDARD = gnu17;
				GCC_DYNAMIC_NO_PIC = NO;
				GCC_NO_COMMON_BLOCKS = YES;
				GCC_OPTIMIZATION_LEVEL = 0;
				GCC_PREPROCESSOR_DEFINITIONS = (
					"DEBUG=1",
					"$(inherited)",
				);
				GCC_WARN_64_TO_32_BIT_CONVERSION = YES;
				GCC_WARN_ABOUT_RETURN_TYPE = YES_ERROR;
				GCC_WARN_UNDECLARED_SELECTOR = YES;
				GCC_WARN_UNINITIALIZED_AUTOS = YES_AGGRESSIVE;
				GCC_WARN_UNUSED_FUNCTION = YES;
				GCC_WARN_UNUSED_VARIABLE = YES;
				LOCALIZATION_PREFERS_STRING_CATALOGS = YES;
				MACOSX_DEPLOYMENT_TARGET = 13.0;
				MTL_ENABLE_DEBUG_INFO = INCLUDE_SOURCE;
				MTL_FAST_MATH = YES;
				ONLY_ACTIVE_ARCH = YES;
				SDKROOT = macosx;
				SWIFT_ACTIVE_COMPILATION_CONDITIONS = "DEBUG $(inherited)";
				SWIFT_OPTIMIZATION_LEVEL = "-Onone";
			};
			name = Debug;
		};
		C920C24C2C1D01E800C26602 /* Release */ = {
			isa = XCBuildConfiguration;
			buildSettings = {
				ALWAYS_SEARCH_USER_PATHS = NO;
				ASSETCATALOG_COMPILER_GENERATE_SWIFT_ASSET_SYMBOL_EXTENSIONS = YES;
				CLANG_ANALYZER_NONNULL = YES;
				CLANG_ANALYZER_NUMBER_OBJECT_CONVERSION = YES_AGGRESSIVE;
				CLANG_CXX_LANGUAGE_STANDARD = "gnu++20";
				CLANG_ENABLE_MODULES = YES;
				CLANG_ENABLE_OBJC_ARC = YES;
				CLANG_ENABLE_OBJC_WEAK = YES;
				CLANG_WARN_BLOCK_CAPTURE_AUTORELEASING = YES;
				CLANG_WARN_BOOL_CONVERSION = YES;
				CLANG_WARN_COMMA = YES;
				CLANG_WARN_CONSTANT_CONVERSION = YES;
				CLANG_WARN_DEPRECATED_OBJC_IMPLEMENTATIONS = YES;
				CLANG_WARN_DIRECT_OBJC_ISA_USAGE = YES_ERROR;
				CLANG_WARN_DOCUMENTATION_COMMENTS = YES;
				CLANG_WARN_EMPTY_BODY = YES;
				CLANG_WARN_ENUM_CONVERSION = YES;
				CLANG_WARN_INFINITE_RECURSION = YES;
				CLANG_WARN_INT_CONVERSION = YES;
				CLANG_WARN_NON_LITERAL_NULL_CONVERSION = YES;
				CLANG_WARN_OBJC_IMPLICIT_RETAIN_SELF = YES;
				CLANG_WARN_OBJC_LITERAL_CONVERSION = YES;
				CLANG_WARN_OBJC_ROOT_CLASS = YES_ERROR;
				CLANG_WARN_QUOTED_INCLUDE_IN_FRAMEWORK_HEADER = YES;
				CLANG_WARN_RANGE_LOOP_ANALYSIS = YES;
				CLANG_WARN_STRICT_PROTOTYPES = YES;
				CLANG_WARN_SUSPICIOUS_MOVE = YES;
				CLANG_WARN_UNGUARDED_AVAILABILITY = YES_AGGRESSIVE;
				CLANG_WARN_UNREACHABLE_CODE = YES;
				CLANG_WARN__DUPLICATE_METHOD_MATCH = YES;
				COPY_PHASE_STRIP = NO;
				DEAD_CODE_STRIPPING = YES;
				DEBUG_INFORMATION_FORMAT = "dwarf-with-dsym";
				ENABLE_NS_ASSERTIONS = NO;
				ENABLE_STRICT_OBJC_MSGSEND = YES;
				ENABLE_USER_SCRIPT_SANDBOXING = YES;
				GCC_C_LANGUAGE_STANDARD = gnu17;
				GCC_NO_COMMON_BLOCKS = YES;
				GCC_WARN_64_TO_32_BIT_CONVERSION = YES;
				GCC_WARN_ABOUT_RETURN_TYPE = YES_ERROR;
				GCC_WARN_UNDECLARED_SELECTOR = YES;
				GCC_WARN_UNINITIALIZED_AUTOS = YES_AGGRESSIVE;
				GCC_WARN_UNUSED_FUNCTION = YES;
				GCC_WARN_UNUSED_VARIABLE = YES;
				LOCALIZATION_PREFERS_STRING_CATALOGS = YES;
				MACOSX_DEPLOYMENT_TARGET = 13.0;
				MTL_ENABLE_DEBUG_INFO = NO;
				MTL_FAST_MATH = YES;
				SDKROOT = macosx;
				SWIFT_COMPILATION_MODE = wholemodule;
			};
			name = Release;
		};
		C920C24E2C1D01E800C26602 /* Debug */ = {
			isa = XCBuildConfiguration;
			buildSettings = {
				ASSETCATALOG_COMPILER_APPICON_NAME = AppIcon;
				ASSETCATALOG_COMPILER_GLOBAL_ACCENT_COLOR_NAME = AccentColor;
				CODE_SIGN_ENTITLEMENTS = BrameCalc/BrameCalc.entitlements;
				CODE_SIGN_STYLE = Automatic;
				COMBINE_HIDPI_IMAGES = YES;
				CURRENT_PROJECT_VERSION = 1;
				DEAD_CODE_STRIPPING = YES;
				DEVELOPMENT_ASSET_PATHS = "\"BrameCalc/Preview Content\"";
				DEVELOPMENT_TEAM = 4B43GPHYV4;
				ENABLE_HARDENED_RUNTIME = YES;
				ENABLE_PREVIEWS = YES;
				GENERATE_INFOPLIST_FILE = YES;
				INFOPLIST_KEY_LSApplicationCategoryType = "public.app-category.productivity";
				INFOPLIST_KEY_NSHumanReadableCopyright = "";
				LD_RUNPATH_SEARCH_PATHS = (
					"$(inherited)",
					"@executable_path/../Frameworks",
				);
				MACOSX_DEPLOYMENT_TARGET = 13.0;
				MARKETING_VERSION = 1.0;
				PRODUCT_BUNDLE_IDENTIFIER = OJ.BrameCalc;
				PRODUCT_NAME = "$(TARGET_NAME)";
				SWIFT_EMIT_LOC_STRINGS = YES;
				SWIFT_VERSION = 5.0;
			};
			name = Debug;
		};
		C920C24F2C1D01E800C26602 /* Release */ = {
			isa = XCBuildConfiguration;
			buildSettings = {
				ASSETCATALOG_COMPILER_APPICON_NAME = AppIcon;
				ASSETCATALOG_COMPILER_GLOBAL_ACCENT_COLOR_NAME = AccentColor;
				CODE_SIGN_ENTITLEMENTS = BrameCalc/BrameCalc.entitlements;
				CODE_SIGN_STYLE = Automatic;
				COMBINE_HIDPI_IMAGES = YES;
				CURRENT_PROJECT_VERSION = 1;
				DEAD_CODE_STRIPPING = YES;
				DEVELOPMENT_ASSET_PATHS = "\"BrameCalc/Preview Content\"";
				DEVELOPMENT_TEAM = 4B43GPHYV4;
				ENABLE_HARDENED_RUNTIME = YES;
				ENABLE_PREVIEWS = YES;
				GENERATE_INFOPLIST_FILE = YES;
				INFOPLIST_KEY_LSApplicationCategoryType = "public.app-category.productivity";
				INFOPLIST_KEY_NSHumanReadableCopyright = "";
				LD_RUNPATH_SEARCH_PATHS = (
					"$(inherited)",
					"@executable_path/../Frameworks",
				);
				MACOSX_DEPLOYMENT_TARGET = 13.0;
				MARKETING_VERSION = 1.0;
				PRODUCT_BUNDLE_IDENTIFIER = OJ.BrameCalc;
				PRODUCT_NAME = "$(TARGET_NAME)";
				SWIFT_EMIT_LOC_STRINGS = YES;
				SWIFT_VERSION = 5.0;
			};
			name = Release;
		};
		C920C2512C1D01E800C26602 /* Debug */ = {
			isa = XCBuildConfiguration;
			buildSettings = {
				ALWAYS_EMBED_SWIFT_STANDARD_LIBRARIES = YES;
				BUNDLE_LOADER = "$(TEST_HOST)";
				CODE_SIGN_STYLE = Automatic;
				CURRENT_PROJECT_VERSION = 1;
				DEAD_CODE_STRIPPING = YES;
				DEVELOPMENT_TEAM = 4B43GPHYV4;
				GENERATE_INFOPLIST_FILE = YES;
				MACOSX_DEPLOYMENT_TARGET = 14.3;
				MARKETING_VERSION = 1.0;
				PRODUCT_BUNDLE_IDENTIFIER = OJ.BrameCalcTests;
				PRODUCT_NAME = "$(TARGET_NAME)";
				SWIFT_EMIT_LOC_STRINGS = NO;
				SWIFT_VERSION = 5.0;
				TEST_HOST = "$(BUILT_PRODUCTS_DIR)/BrameCalc.app/$(BUNDLE_EXECUTABLE_FOLDER_PATH)/BrameCalc";
			};
			name = Debug;
		};
		C920C2522C1D01E800C26602 /* Release */ = {
			isa = XCBuildConfiguration;
			buildSettings = {
				ALWAYS_EMBED_SWIFT_STANDARD_LIBRARIES = YES;
				BUNDLE_LOADER = "$(TEST_HOST)";
				CODE_SIGN_STYLE = Automatic;
				CURRENT_PROJECT_VERSION = 1;
				DEAD_CODE_STRIPPING = YES;
				DEVELOPMENT_TEAM = 4B43GPHYV4;
				GENERATE_INFOPLIST_FILE = YES;
				MACOSX_DEPLOYMENT_TARGET = 14.3;
				MARKETING_VERSION = 1.0;
				PRODUCT_BUNDLE_IDENTIFIER = OJ.BrameCalcTests;
				PRODUCT_NAME = "$(TARGET_NAME)";
				SWIFT_EMIT_LOC_STRINGS = NO;
				SWIFT_VERSION = 5.0;
				TEST_HOST = "$(BUILT_PRODUCTS_DIR)/BrameCalc.app/$(BUNDLE_EXECUTABLE_FOLDER_PATH)/BrameCalc";
			};
			name = Release;
		};
		C920C2542C1D01E800C26602 /* Debug */ = {
			isa = XCBuildConfiguration;
			buildSettings = {
				ALWAYS_EMBED_SWIFT_STANDARD_LIBRARIES = YES;
				CODE_SIGN_STYLE = Automatic;
				CURRENT_PROJECT_VERSION = 1;
				DEAD_CODE_STRIPPING = YES;
				DEVELOPMENT_TEAM = 4B43GPHYV4;
				GENERATE_INFOPLIST_FILE = YES;
				MARKETING_VERSION = 1.0;
				PRODUCT_BUNDLE_IDENTIFIER = OJ.BrameCalcUITests;
				PRODUCT_NAME = "$(TARGET_NAME)";
				SWIFT_EMIT_LOC_STRINGS = NO;
				SWIFT_VERSION = 5.0;
				TEST_TARGET_NAME = BrameCalc;
			};
			name = Debug;
		};
		C920C2552C1D01E800C26602 /* Release */ = {
			isa = XCBuildConfiguration;
			buildSettings = {
				ALWAYS_EMBED_SWIFT_STANDARD_LIBRARIES = YES;
				CODE_SIGN_STYLE = Automatic;
				CURRENT_PROJECT_VERSION = 1;
				DEAD_CODE_STRIPPING = YES;
				DEVELOPMENT_TEAM = 4B43GPHYV4;
				GENERATE_INFOPLIST_FILE = YES;
				MARKETING_VERSION = 1.0;
				PRODUCT_BUNDLE_IDENTIFIER = OJ.BrameCalcUITests;
				PRODUCT_NAME = "$(TARGET_NAME)";
				SWIFT_EMIT_LOC_STRINGS = NO;
				SWIFT_VERSION = 5.0;
				TEST_TARGET_NAME = BrameCalc;
			};
			name = Release;
		};
/* End XCBuildConfiguration section */

/* Begin XCConfigurationList section */
		C920C21E2C1D01E700C26602 /* Build configuration list for PBXProject "BrameCalc" */ = {
			isa = XCConfigurationList;
			buildConfigurations = (
				C920C24B2C1D01E800C26602 /* Debug */,
				C920C24C2C1D01E800C26602 /* Release */,
			);
			defaultConfigurationIsVisible = 0;
			defaultConfigurationName = Release;
		};
		C920C24D2C1D01E800C26602 /* Build configuration list for PBXNativeTarget "BrameCalc" */ = {
			isa = XCConfigurationList;
			buildConfigurations = (
				C920C24E2C1D01E800C26602 /* Debug */,
				C920C24F2C1D01E800C26602 /* Release */,
			);
			defaultConfigurationIsVisible = 0;
			defaultConfigurationName = Release;
		};
		C920C2502C1D01E800C26602 /* Build configuration list for PBXNativeTarget "BrameCalcTests" */ = {
			isa = XCConfigurationList;
			buildConfigurations = (
				C920C2512C1D01E800C26602 /* Debug */,
				C920C2522C1D01E800C26602 /* Release */,
			);
			defaultConfigurationIsVisible = 0;
			defaultConfigurationName = Release;
		};
		C920C2532C1D01E800C26602 /* Build configuration list for PBXNativeTarget "BrameCalcUITests" */ = {
			isa = XCConfigurationList;
			buildConfigurations = (
				C920C2542C1D01E800C26602 /* Debug */,
				C920C2552C1D01E800C26602 /* Release */,
			);
			defaultConfigurationIsVisible = 0;
			defaultConfigurationName = Release;
		};
/* End XCConfigurationList section */

/* Begin XCVersionGroup section */
		C920C2312C1D01E800C26602 /* BrameCalc.xcdatamodeld */ = {
			isa = XCVersionGroup;
			children = (
				C920C2322C1D01E800C26602 /* BrameCalc.xcdatamodel */,
			);
			currentVersion = C920C2322C1D01E800C26602 /* BrameCalc.xcdatamodel */;
			path = BrameCalc.xcdatamodeld;
			sourceTree = "<group>";
			versionGroupType = wrapper.xcdatamodel;
		};
/* End XCVersionGroup section */
	};
	rootObject = C920C21B2C1D01E700C26602 /* Project object */;
}
